Microsoft Visual Studio Solution File, Format Version 12.00
# Visual Studio Version 17
VisualStudioVersion = 17.5.2.0
MinimumVisualStudioVersion = 10.0.40219.1
Project("{FAE04EC0-301F-11D3-BF4B-00C04F79EFBC}") = "LibraryManagement.Tests", "LibraryManagement.Tests\LibraryManagement.Tests.csproj", "{137513A9-8C58-DBDF-4DCC-51A281A57DBE}"
EndProject
Global
	GlobalSection(SolutionConfigurationPlatforms) = preSolution
		Debug|Any CPU = Debug|Any CPU
		Release|Any CPU = Release|Any CPU
	EndGlobalSection
	GlobalSection(ProjectConfigurationPlatforms) = postSolution
		{137513A9-8C58-DBDF-4DCC-51A281A57DBE}.Debug|Any CPU.ActiveCfg = Debug|Any CPU
		{137513A9-8C58-DBDF-4DCC-51A281A57DBE}.Debug|Any CPU.Build.0 = Debug|Any CPU
		{137513A9-8C58-DBDF-4DCC-51A281A57DBE}.Release|Any CPU.ActiveCfg = Release|Any CPU
		{137513A9-8C58-DBDF-4DCC-51A281A57DBE}.Release|Any CPU.Build.0 = Release|Any CPU
	EndGlobalSection
	GlobalSection(SolutionProperties) = preSolution
		HideSolutionNode = FALSE
	EndGlobalSection
	GlobalSection(ExtensibilityGlobals) = postSolution
		SolutionGuid = {8E5DE447-506C-45EC-AC3C-8C5B403B1B11}
	EndGlobalSection
EndGlobal
